// !$*UTF8*$!
{
	archiveVersion = 1;
	classes = {
	};
	objectVersion = 46;
	objects = {

/* Begin PBXBuildFile section */
		55ABDA691D35200200DE03CA /* Suits.xcassets in Resources */ = {isa = PBXBuildFile; fileRef = 55ABDA681D35200200DE03CA /* Suits.xcassets */; };
		55ABDA9F1D35D69B00DE03CA /* LWStartTableViewController.swift in Sources */ = {isa = PBXBuildFile; fileRef = 55ABDA9E1D35D69B00DE03CA /* LWStartTableViewController.swift */; };
		55CFC6461D773A2200453DA1 /* ArtWork.xcassets in Resources */ = {isa = PBXBuildFile; fileRef = 55CFC6451D773A2100453DA1 /* ArtWork.xcassets */; };
		F41D8BCB1CFB465C00458A3F /* AppDelegate.swift in Sources */ = {isa = PBXBuildFile; fileRef = F41D8BCA1CFB465C00458A3F /* AppDelegate.swift */; };
		F41D8BD01CFB465D00458A3F /* Main.storyboard in Resources */ = {isa = PBXBuildFile; fileRef = F41D8BCE1CFB465D00458A3F /* Main.storyboard */; };
		F41D8BD51CFB465D00458A3F /* Assets.xcassets in Resources */ = {isa = PBXBuildFile; fileRef = F41D8BD41CFB465D00458A3F /* Assets.xcassets */; };
		F41D8BD81CFB465D00458A3F /* LaunchScreen.storyboard in Resources */ = {isa = PBXBuildFile; fileRef = F41D8BD61CFB465D00458A3F /* LaunchScreen.storyboard */; };
		F41D8BE31CFB465D00458A3F /* LewisWorkoutTests.swift in Sources */ = {isa = PBXBuildFile; fileRef = F41D8BE21CFB465D00458A3F /* LewisWorkoutTests.swift */; };
		F41D8BEE1CFB465D00458A3F /* LewisWorkoutUITests.swift in Sources */ = {isa = PBXBuildFile; fileRef = F41D8BED1CFB465D00458A3F /* LewisWorkoutUITests.swift */; };
		F41D8C021CFB4F8600458A3F /* LWGameViewController.swift in Sources */ = {isa = PBXBuildFile; fileRef = F41D8C011CFB4F8600458A3F /* LWGameViewController.swift */; };
		F41D8C041CFD712C00458A3F /* LWCardViewController.swift in Sources */ = {isa = PBXBuildFile; fileRef = F41D8C031CFD712C00458A3F /* LWCardViewController.swift */; };
		F41D8C461CFF825100458A3F /* LWAVDetectorController.swift in Sources */ = {isa = PBXBuildFile; fileRef = F41D8C451CFF825100458A3F /* LWAVDetectorController.swift */; };
		F42E7B191D2D8DC0005247B8 /* LWClassicalCardLayout.swift in Sources */ = {isa = PBXBuildFile; fileRef = F42E7B181D2D8DC0005247B8 /* LWClassicalCardLayout.swift */; };
		F42E7B1B1D2E114F005247B8 /* SwiftQueue.swift in Sources */ = {isa = PBXBuildFile; fileRef = F42E7B1A1D2E114F005247B8 /* SwiftQueue.swift */; };
		F430388D1D6B9FFD00F61E0F /* LWDeckViewContainerController.swift in Sources */ = {isa = PBXBuildFile; fileRef = F430388C1D6B9FFD00F61E0F /* LWDeckViewContainerController.swift */; };
		F454379F1D35726E00BF4777 /* Stages.xcassets in Resources */ = {isa = PBXBuildFile; fileRef = F454379E1D35726E00BF4777 /* Stages.xcassets */; };
		F45437A11D36956F00BF4777 /* LWStartAnimations.swift in Sources */ = {isa = PBXBuildFile; fileRef = F45437A01D36956F00BF4777 /* LWStartAnimations.swift */; };
		F45437A51D36FE0D00BF4777 /* LWDetectionCenter.swift in Sources */ = {isa = PBXBuildFile; fileRef = F45437A41D36FE0D00BF4777 /* LWDetectionCenter.swift */; };
		F45437A71D3D3F3700BF4777 /* TapPresentAnimationController.swift in Sources */ = {isa = PBXBuildFile; fileRef = F45437A61D3D3F3700BF4777 /* TapPresentAnimationController.swift */; };
		F45437A91D3D4BA400BF4777 /* LWTestAnimateViewController.swift in Sources */ = {isa = PBXBuildFile; fileRef = F45437A81D3D4BA400BF4777 /* LWTestAnimateViewController.swift */; };
		F45437AB1D3DA20900BF4777 /* LWGamePresentationController.swift in Sources */ = {isa = PBXBuildFile; fileRef = F45437AA1D3DA20900BF4777 /* LWGamePresentationController.swift */; };
		F45437AF1D3FFAC600BF4777 /* LWGameView.swift in Sources */ = {isa = PBXBuildFile; fileRef = F45437AE1D3FFAC600BF4777 /* LWGameView.swift */; };
		F45437F81D41924700BF4777 /* LWSliderLayer.swift in Sources */ = {isa = PBXBuildFile; fileRef = F45437F51D41924700BF4777 /* LWSliderLayer.swift */; };
		F45437F91D41924700BF4777 /* LWAnimatedSlider.swift in Sources */ = {isa = PBXBuildFile; fileRef = F45437F61D41924700BF4777 /* LWAnimatedSlider.swift */; };
		F45437FA1D41924700BF4777 /* LWSlidePadLayer.swift in Sources */ = {isa = PBXBuildFile; fileRef = F45437F71D41924700BF4777 /* LWSlidePadLayer.swift */; };
		F45437FD1D41D23100BF4777 /* LWCalibrateControlViewController.swift in Sources */ = {isa = PBXBuildFile; fileRef = F45437FC1D41D23100BF4777 /* LWCalibrateControlViewController.swift */; };
		F4A5AF4F1D18F4A400CA5ED4 /* LWDeckPlaceholderView.swift in Sources */ = {isa = PBXBuildFile; fileRef = F4A5AF4E1D18F4A400CA5ED4 /* LWDeckPlaceholderView.swift */; };
		F4A5AF511D18FDEA00CA5ED4 /* GeormetricConstants.swift in Sources */ = {isa = PBXBuildFile; fileRef = F4A5AF501D18FDEA00CA5ED4 /* GeormetricConstants.swift */; };
		F4ABCDF61D32A77700F52D8C /* LWStartViewController.swift in Sources */ = {isa = PBXBuildFile; fileRef = F4ABCDF51D32A77700F52D8C /* LWStartViewController.swift */; };
		F4ABCDF81D32A7C700F52D8C /* LWStartView.swift in Sources */ = {isa = PBXBuildFile; fileRef = F4ABCDF71D32A7C700F52D8C /* LWStartView.swift */; };
		F4F1E8AB1D1EC8C60034539D /* LWDetectionProtocol.swift in Sources */ = {isa = PBXBuildFile; fileRef = F4F1E8AA1D1EC8C60034539D /* LWDetectionProtocol.swift */; };
		F4F1E8AD1D1ECF950034539D /* LWDetectionStructures.swift in Sources */ = {isa = PBXBuildFile; fileRef = F4F1E8AC1D1ECF950034539D /* LWDetectionStructures.swift */; };
		F4F1E8B51D2445240034539D /* LWClassicalCardShapes.swift in Sources */ = {isa = PBXBuildFile; fileRef = F4F1E8B41D2445240034539D /* LWClassicalCardShapes.swift */; };
		F4F9E6CE1D15FE1E000BFCB0 /* LWCardBackView.swift in Sources */ = {isa = PBXBuildFile; fileRef = F4F9E6CD1D15FE1E000BFCB0 /* LWCardBackView.swift */; };
		F4F9E6D01D15FE2D000BFCB0 /* LWCardFrontView.swift in Sources */ = {isa = PBXBuildFile; fileRef = F4F9E6CF1D15FE2D000BFCB0 /* LWCardFrontView.swift */; };
		F4FC304B1D05F3360048ADE7 /* LWCard.swift in Sources */ = {isa = PBXBuildFile; fileRef = F4FC304A1D05F3360048ADE7 /* LWCard.swift */; };
		F4FC304D1D05F4EB0048ADE7 /* LWDeck.swift in Sources */ = {isa = PBXBuildFile; fileRef = F4FC304C1D05F4EB0048ADE7 /* LWDeck.swift */; };
/* End PBXBuildFile section */

/* Begin PBXContainerItemProxy section */
		F41D8BDF1CFB465D00458A3F /* PBXContainerItemProxy */ = {
			isa = PBXContainerItemProxy;
			containerPortal = F41D8BBF1CFB465C00458A3F /* Project object */;
			proxyType = 1;
			remoteGlobalIDString = F41D8BC61CFB465C00458A3F;
			remoteInfo = LewisWorkout;
		};
		F41D8BEA1CFB465D00458A3F /* PBXContainerItemProxy */ = {
			isa = PBXContainerItemProxy;
			containerPortal = F41D8BBF1CFB465C00458A3F /* Project object */;
			proxyType = 1;
			remoteGlobalIDString = F41D8BC61CFB465C00458A3F;
			remoteInfo = LewisWorkout;
		};
/* End PBXContainerItemProxy section */

/* Begin PBXFileReference section */
		55ABDA681D35200200DE03CA /* Suits.xcassets */ = {isa = PBXFileReference; lastKnownFileType = folder.assetcatalog; path = Suits.xcassets; sourceTree = "<group>"; };
		55ABDA9E1D35D69B00DE03CA /* LWStartTableViewController.swift */ = {isa = PBXFileReference; fileEncoding = 4; lastKnownFileType = sourcecode.swift; path = LWStartTableViewController.swift; sourceTree = "<group>"; };
		55CFC6451D773A2100453DA1 /* ArtWork.xcassets */ = {isa = PBXFileReference; lastKnownFileType = folder.assetcatalog; path = ArtWork.xcassets; sourceTree = "<group>"; };
		F41D8BC71CFB465C00458A3F /* LewisWorkout.app */ = {isa = PBXFileReference; explicitFileType = wrapper.application; includeInIndex = 0; path = LewisWorkout.app; sourceTree = BUILT_PRODUCTS_DIR; };
		F41D8BCA1CFB465C00458A3F /* AppDelegate.swift */ = {isa = PBXFileReference; lastKnownFileType = sourcecode.swift; path = AppDelegate.swift; sourceTree = "<group>"; };
		F41D8BCC1CFB465C00458A3F /* ViewController.swift */ = {isa = PBXFileReference; lastKnownFileType = sourcecode.swift; path = ViewController.swift; sourceTree = "<group>"; };
		F41D8BCF1CFB465D00458A3F /* Base */ = {isa = PBXFileReference; lastKnownFileType = file.storyboard; name = Base; path = Base.lproj/Main.storyboard; sourceTree = "<group>"; };
		F41D8BD41CFB465D00458A3F /* Assets.xcassets */ = {isa = PBXFileReference; lastKnownFileType = folder.assetcatalog; path = Assets.xcassets; sourceTree = "<group>"; };
		F41D8BD71CFB465D00458A3F /* Base */ = {isa = PBXFileReference; lastKnownFileType = file.storyboard; name = Base; path = Base.lproj/LaunchScreen.storyboard; sourceTree = "<group>"; };
		F41D8BD91CFB465D00458A3F /* Info.plist */ = {isa = PBXFileReference; lastKnownFileType = text.plist.xml; path = Info.plist; sourceTree = "<group>"; };
		F41D8BDE1CFB465D00458A3F /* LewisWorkoutTests.xctest */ = {isa = PBXFileReference; explicitFileType = wrapper.cfbundle; includeInIndex = 0; path = LewisWorkoutTests.xctest; sourceTree = BUILT_PRODUCTS_DIR; };
		F41D8BE21CFB465D00458A3F /* LewisWorkoutTests.swift */ = {isa = PBXFileReference; lastKnownFileType = sourcecode.swift; path = LewisWorkoutTests.swift; sourceTree = "<group>"; };
		F41D8BE41CFB465D00458A3F /* Info.plist */ = {isa = PBXFileReference; lastKnownFileType = text.plist.xml; path = Info.plist; sourceTree = "<group>"; };
		F41D8BE91CFB465D00458A3F /* LewisWorkoutUITests.xctest */ = {isa = PBXFileReference; explicitFileType = wrapper.cfbundle; includeInIndex = 0; path = LewisWorkoutUITests.xctest; sourceTree = BUILT_PRODUCTS_DIR; };
		F41D8BED1CFB465D00458A3F /* LewisWorkoutUITests.swift */ = {isa = PBXFileReference; lastKnownFileType = sourcecode.swift; path = LewisWorkoutUITests.swift; sourceTree = "<group>"; };
		F41D8BEF1CFB465D00458A3F /* Info.plist */ = {isa = PBXFileReference; lastKnownFileType = text.plist.xml; path = Info.plist; sourceTree = "<group>"; };
		F41D8C011CFB4F8600458A3F /* LWGameViewController.swift */ = {isa = PBXFileReference; fileEncoding = 4; lastKnownFileType = sourcecode.swift; path = LWGameViewController.swift; sourceTree = "<group>"; };
		F41D8C031CFD712C00458A3F /* LWCardViewController.swift */ = {isa = PBXFileReference; fileEncoding = 4; lastKnownFileType = sourcecode.swift; path = LWCardViewController.swift; sourceTree = "<group>"; };
		F41D8C451CFF825100458A3F /* LWAVDetectorController.swift */ = {isa = PBXFileReference; fileEncoding = 4; lastKnownFileType = sourcecode.swift; path = LWAVDetectorController.swift; sourceTree = "<group>"; };
		F42E7B181D2D8DC0005247B8 /* LWClassicalCardLayout.swift */ = {isa = PBXFileReference; fileEncoding = 4; lastKnownFileType = sourcecode.swift; path = LWClassicalCardLayout.swift; sourceTree = "<group>"; };
		F42E7B1A1D2E114F005247B8 /* SwiftQueue.swift */ = {isa = PBXFileReference; fileEncoding = 4; lastKnownFileType = sourcecode.swift; path = SwiftQueue.swift; sourceTree = "<group>"; };
		F430388C1D6B9FFD00F61E0F /* LWDeckViewContainerController.swift */ = {isa = PBXFileReference; fileEncoding = 4; lastKnownFileType = sourcecode.swift; path = LWDeckViewContainerController.swift; sourceTree = "<group>"; };
		F45437981D33077500BF4777 /* LWStageTableView.swift */ = {isa = PBXFileReference; fileEncoding = 4; lastKnownFileType = sourcecode.swift; path = LWStageTableView.swift; sourceTree = "<group>"; };
		F454379A1D356EC000BF4777 /* LWStageView.swift */ = {isa = PBXFileReference; fileEncoding = 4; lastKnownFileType = sourcecode.swift; path = LWStageView.swift; sourceTree = "<group>"; };
		F454379E1D35726E00BF4777 /* Stages.xcassets */ = {isa = PBXFileReference; lastKnownFileType = folder.assetcatalog; path = Stages.xcassets; sourceTree = "<group>"; };
		F45437A01D36956F00BF4777 /* LWStartAnimations.swift */ = {isa = PBXFileReference; fileEncoding = 4; lastKnownFileType = sourcecode.swift; path = LWStartAnimations.swift; sourceTree = "<group>"; };
		F45437A41D36FE0D00BF4777 /* LWDetectionCenter.swift */ = {isa = PBXFileReference; fileEncoding = 4; lastKnownFileType = sourcecode.swift; path = LWDetectionCenter.swift; sourceTree = "<group>"; };
		F45437A61D3D3F3700BF4777 /* TapPresentAnimationController.swift */ = {isa = PBXFileReference; fileEncoding = 4; lastKnownFileType = sourcecode.swift; path = TapPresentAnimationController.swift; sourceTree = "<group>"; };
		F45437A81D3D4BA400BF4777 /* LWTestAnimateViewController.swift */ = {isa = PBXFileReference; fileEncoding = 4; lastKnownFileType = sourcecode.swift; path = LWTestAnimateViewController.swift; sourceTree = "<group>"; };
		F45437AA1D3DA20900BF4777 /* LWGamePresentationController.swift */ = {isa = PBXFileReference; fileEncoding = 4; lastKnownFileType = sourcecode.swift; path = LWGamePresentationController.swift; sourceTree = "<group>"; };
		F45437AE1D3FFAC600BF4777 /* LWGameView.swift */ = {isa = PBXFileReference; fileEncoding = 4; lastKnownFileType = sourcecode.swift; path = LWGameView.swift; sourceTree = "<group>"; };
		F45437F51D41924700BF4777 /* LWSliderLayer.swift */ = {isa = PBXFileReference; fileEncoding = 4; lastKnownFileType = sourcecode.swift; name = LWSliderLayer.swift; path = CalibrateSlider/LWSliderLayer.swift; sourceTree = "<group>"; };
		F45437F61D41924700BF4777 /* LWAnimatedSlider.swift */ = {isa = PBXFileReference; fileEncoding = 4; lastKnownFileType = sourcecode.swift; name = LWAnimatedSlider.swift; path = CalibrateSlider/LWAnimatedSlider.swift; sourceTree = "<group>"; };
		F45437F71D41924700BF4777 /* LWSlidePadLayer.swift */ = {isa = PBXFileReference; fileEncoding = 4; lastKnownFileType = sourcecode.swift; name = LWSlidePadLayer.swift; path = CalibrateSlider/LWSlidePadLayer.swift; sourceTree = "<group>"; };
		F45437FC1D41D23100BF4777 /* LWCalibrateControlViewController.swift */ = {isa = PBXFileReference; fileEncoding = 4; lastKnownFileType = sourcecode.swift; name = LWCalibrateControlViewController.swift; path = CalibrateSlider/LWCalibrateControlViewController.swift; sourceTree = "<group>"; };
		F4A5AF4E1D18F4A400CA5ED4 /* LWDeckPlaceholderView.swift */ = {isa = PBXFileReference; fileEncoding = 4; lastKnownFileType = sourcecode.swift; path = LWDeckPlaceholderView.swift; sourceTree = "<group>"; };
		F4A5AF501D18FDEA00CA5ED4 /* GeormetricConstants.swift */ = {isa = PBXFileReference; fileEncoding = 4; lastKnownFileType = sourcecode.swift; path = GeormetricConstants.swift; sourceTree = "<group>"; };
		F4ABCDF51D32A77700F52D8C /* LWStartViewController.swift */ = {isa = PBXFileReference; fileEncoding = 4; lastKnownFileType = sourcecode.swift; path = LWStartViewController.swift; sourceTree = "<group>"; };
		F4ABCDF71D32A7C700F52D8C /* LWStartView.swift */ = {isa = PBXFileReference; fileEncoding = 4; lastKnownFileType = sourcecode.swift; path = LWStartView.swift; sourceTree = "<group>"; };
		F4F1E8AA1D1EC8C60034539D /* LWDetectionProtocol.swift */ = {isa = PBXFileReference; fileEncoding = 4; lastKnownFileType = sourcecode.swift; path = LWDetectionProtocol.swift; sourceTree = "<group>"; };
		F4F1E8AC1D1ECF950034539D /* LWDetectionStructures.swift */ = {isa = PBXFileReference; fileEncoding = 4; lastKnownFileType = sourcecode.swift; path = LWDetectionStructures.swift; sourceTree = "<group>"; };
		F4F1E8B01D243B3F0034539D /* LewisLayout.swift */ = {isa = PBXFileReference; fileEncoding = 4; lastKnownFileType = sourcecode.swift; path = LewisLayout.swift; sourceTree = "<group>"; };
		F4F1E8B41D2445240034539D /* LWClassicalCardShapes.swift */ = {isa = PBXFileReference; fileEncoding = 4; lastKnownFileType = sourcecode.swift; path = LWClassicalCardShapes.swift; sourceTree = "<group>"; };
		F4F9E6CD1D15FE1E000BFCB0 /* LWCardBackView.swift */ = {isa = PBXFileReference; fileEncoding = 4; lastKnownFileType = sourcecode.swift; path = LWCardBackView.swift; sourceTree = "<group>"; };
		F4F9E6CF1D15FE2D000BFCB0 /* LWCardFrontView.swift */ = {isa = PBXFileReference; fileEncoding = 4; lastKnownFileType = sourcecode.swift; path = LWCardFrontView.swift; sourceTree = "<group>"; };
		F4FC304A1D05F3360048ADE7 /* LWCard.swift */ = {isa = PBXFileReference; fileEncoding = 4; lastKnownFileType = sourcecode.swift; path = LWCard.swift; sourceTree = "<group>"; };
		F4FC304C1D05F4EB0048ADE7 /* LWDeck.swift */ = {isa = PBXFileReference; fileEncoding = 4; lastKnownFileType = sourcecode.swift; path = LWDeck.swift; sourceTree = "<group>"; };
/* End PBXFileReference section */

/* Begin PBXFrameworksBuildPhase section */
		F41D8BC41CFB465C00458A3F /* Frameworks */ = {
			isa = PBXFrameworksBuildPhase;
			buildActionMask = 2147483647;
			files = (
			);
			runOnlyForDeploymentPostprocessing = 0;
		};
		F41D8BDB1CFB465D00458A3F /* Frameworks */ = {
			isa = PBXFrameworksBuildPhase;
			buildActionMask = 2147483647;
			files = (
			);
			runOnlyForDeploymentPostprocessing = 0;
		};
		F41D8BE61CFB465D00458A3F /* Frameworks */ = {
			isa = PBXFrameworksBuildPhase;
			buildActionMask = 2147483647;
			files = (
			);
			runOnlyForDeploymentPostprocessing = 0;
		};
/* End PBXFrameworksBuildPhase section */

/* Begin PBXGroup section */
		55ABDAA01D35E37C00DE03CA /* Deprecated */ = {
			isa = PBXGroup;
			children = (
				F41D8BCC1CFB465C00458A3F /* ViewController.swift */,
				F4F1E8B01D243B3F0034539D /* LewisLayout.swift */,
			);
			name = Deprecated;
			sourceTree = "<group>";
		};
		55CFC6471D773BD400453DA1 /* Start Presentation */ = {
			isa = PBXGroup;
			children = (
				F4ABCDF51D32A77700F52D8C /* LWStartViewController.swift */,
				F4ABCDF71D32A7C700F52D8C /* LWStartView.swift */,
				55ABDA9E1D35D69B00DE03CA /* LWStartTableViewController.swift */,
				F45437A01D36956F00BF4777 /* LWStartAnimations.swift */,
			);
			name = "Start Presentation";
			sourceTree = "<group>";
		};
		F41D8BBE1CFB465C00458A3F = {
			isa = PBXGroup;
			children = (
				F41D8BC91CFB465C00458A3F /* LewisWorkout */,
				F41D8BE11CFB465D00458A3F /* LewisWorkoutTests */,
				F41D8BEC1CFB465D00458A3F /* LewisWorkoutUITests */,
				F41D8BC81CFB465C00458A3F /* Products */,
			);
			sourceTree = "<group>";
		};
		F41D8BC81CFB465C00458A3F /* Products */ = {
			isa = PBXGroup;
			children = (
				F41D8BC71CFB465C00458A3F /* LewisWorkout.app */,
				F41D8BDE1CFB465D00458A3F /* LewisWorkoutTests.xctest */,
				F41D8BE91CFB465D00458A3F /* LewisWorkoutUITests.xctest */,
			);
			name = Products;
			sourceTree = "<group>";
		};
		F41D8BC91CFB465C00458A3F /* LewisWorkout */ = {
			isa = PBXGroup;
			children = (
				F45437FB1D41924F00BF4777 /* CalibrateSlider */,
				55ABDAA01D35E37C00DE03CA /* Deprecated */,
				F41D8BCA1CFB465C00458A3F /* AppDelegate.swift */,
				55CFC6471D773BD400453DA1 /* Start Presentation */,
				F454379A1D356EC000BF4777 /* LWStageView.swift */,
				F45437981D33077500BF4777 /* LWStageTableView.swift */,
				F4A5AF4E1D18F4A400CA5ED4 /* LWDeckPlaceholderView.swift */,
				F41D8C011CFB4F8600458A3F /* LWGameViewController.swift */,
				F45437AE1D3FFAC600BF4777 /* LWGameView.swift */,
				F430388C1D6B9FFD00F61E0F /* LWDeckViewContainerController.swift */,
				F41D8C031CFD712C00458A3F /* LWCardViewController.swift */,
				F4F9E6CD1D15FE1E000BFCB0 /* LWCardBackView.swift */,
				F4F9E6CF1D15FE2D000BFCB0 /* LWCardFrontView.swift */,
				F42E7B181D2D8DC0005247B8 /* LWClassicalCardLayout.swift */,
				F4F1E8B41D2445240034539D /* LWClassicalCardShapes.swift */,
				F41D8C451CFF825100458A3F /* LWAVDetectorController.swift */,
				F45437A41D36FE0D00BF4777 /* LWDetectionCenter.swift */,
				F4FC304A1D05F3360048ADE7 /* LWCard.swift */,
				F4F1E8AA1D1EC8C60034539D /* LWDetectionProtocol.swift */,
				F4F1E8AC1D1ECF950034539D /* LWDetectionStructures.swift */,
				F4FC304C1D05F4EB0048ADE7 /* LWDeck.swift */,
				F4A5AF501D18FDEA00CA5ED4 /* GeormetricConstants.swift */,
				F42E7B1A1D2E114F005247B8 /* SwiftQueue.swift */,
				F45437A61D3D3F3700BF4777 /* TapPresentAnimationController.swift */,
				F45437AA1D3DA20900BF4777 /* LWGamePresentationController.swift */,
				F45437A81D3D4BA400BF4777 /* LWTestAnimateViewController.swift */,
				F41D8BD41CFB465D00458A3F /* Assets.xcassets */,
				F41D8BCE1CFB465D00458A3F /* Main.storyboard */,
				F41D8BD61CFB465D00458A3F /* LaunchScreen.storyboard */,
				F41D8BD91CFB465D00458A3F /* Info.plist */,
				55ABDA681D35200200DE03CA /* Suits.xcassets */,
				F454379E1D35726E00BF4777 /* Stages.xcassets */,
				55CFC6451D773A2100453DA1 /* ArtWork.xcassets */,
			);
			path = LewisWorkout;
			sourceTree = "<group>";
		};
		F41D8BE11CFB465D00458A3F /* LewisWorkoutTests */ = {
			isa = PBXGroup;
			children = (
				F41D8BE21CFB465D00458A3F /* LewisWorkoutTests.swift */,
				F41D8BE41CFB465D00458A3F /* Info.plist */,
			);
			path = LewisWorkoutTests;
			sourceTree = "<group>";
		};
		F41D8BEC1CFB465D00458A3F /* LewisWorkoutUITests */ = {
			isa = PBXGroup;
			children = (
				F41D8BED1CFB465D00458A3F /* LewisWorkoutUITests.swift */,
				F41D8BEF1CFB465D00458A3F /* Info.plist */,
			);
			path = LewisWorkoutUITests;
			sourceTree = "<group>";
		};
		F45437FB1D41924F00BF4777 /* CalibrateSlider */ = {
			isa = PBXGroup;
			children = (
				F45437F51D41924700BF4777 /* LWSliderLayer.swift */,
				F45437F61D41924700BF4777 /* LWAnimatedSlider.swift */,
				F45437F71D41924700BF4777 /* LWSlidePadLayer.swift */,
				F45437FC1D41D23100BF4777 /* LWCalibrateControlViewController.swift */,
			);
			name = CalibrateSlider;
			sourceTree = "<group>";
		};
/* End PBXGroup section */

/* Begin PBXNativeTarget section */
		F41D8BC61CFB465C00458A3F /* LewisWorkout */ = {
			isa = PBXNativeTarget;
			buildConfigurationList = F41D8BF21CFB465D00458A3F /* Build configuration list for PBXNativeTarget "LewisWorkout" */;
			buildPhases = (
				F41D8BC31CFB465C00458A3F /* Sources */,
				F41D8BC41CFB465C00458A3F /* Frameworks */,
				F41D8BC51CFB465C00458A3F /* Resources */,
			);
			buildRules = (
			);
			dependencies = (
			);
			name = LewisWorkout;
			productName = LewisWorkout;
			productReference = F41D8BC71CFB465C00458A3F /* LewisWorkout.app */;
			productType = "com.apple.product-type.application";
		};
		F41D8BDD1CFB465D00458A3F /* LewisWorkoutTests */ = {
			isa = PBXNativeTarget;
			buildConfigurationList = F41D8BF51CFB465D00458A3F /* Build configuration list for PBXNativeTarget "LewisWorkoutTests" */;
			buildPhases = (
				F41D8BDA1CFB465D00458A3F /* Sources */,
				F41D8BDB1CFB465D00458A3F /* Frameworks */,
				F41D8BDC1CFB465D00458A3F /* Resources */,
			);
			buildRules = (
			);
			dependencies = (
				F41D8BE01CFB465D00458A3F /* PBXTargetDependency */,
			);
			name = LewisWorkoutTests;
			productName = LewisWorkoutTests;
			productReference = F41D8BDE1CFB465D00458A3F /* LewisWorkoutTests.xctest */;
			productType = "com.apple.product-type.bundle.unit-test";
		};
		F41D8BE81CFB465D00458A3F /* LewisWorkoutUITests */ = {
			isa = PBXNativeTarget;
			buildConfigurationList = F41D8BF81CFB465D00458A3F /* Build configuration list for PBXNativeTarget "LewisWorkoutUITests" */;
			buildPhases = (
				F41D8BE51CFB465D00458A3F /* Sources */,
				F41D8BE61CFB465D00458A3F /* Frameworks */,
				F41D8BE71CFB465D00458A3F /* Resources */,
			);
			buildRules = (
			);
			dependencies = (
				F41D8BEB1CFB465D00458A3F /* PBXTargetDependency */,
			);
			name = LewisWorkoutUITests;
			productName = LewisWorkoutUITests;
			productReference = F41D8BE91CFB465D00458A3F /* LewisWorkoutUITests.xctest */;
			productType = "com.apple.product-type.bundle.ui-testing";
		};
/* End PBXNativeTarget section */

/* Begin PBXProject section */
		F41D8BBF1CFB465C00458A3F /* Project object */ = {
			isa = PBXProject;
			attributes = {
				LastSwiftUpdateCheck = 0720;
				LastUpgradeCheck = 0720;
				ORGANIZATIONNAME = b3k3r;
				TargetAttributes = {
					F41D8BC61CFB465C00458A3F = {
						CreatedOnToolsVersion = 7.2.1;
						DevelopmentTeam = CN6KC63QNP;
					};
					F41D8BDD1CFB465D00458A3F = {
						CreatedOnToolsVersion = 7.2.1;
						TestTargetID = F41D8BC61CFB465C00458A3F;
					};
					F41D8BE81CFB465D00458A3F = {
						CreatedOnToolsVersion = 7.2.1;
						TestTargetID = F41D8BC61CFB465C00458A3F;
					};
				};
			};
			buildConfigurationList = F41D8BC21CFB465C00458A3F /* Build configuration list for PBXProject "LewisWorkout" */;
			compatibilityVersion = "Xcode 3.2";
			developmentRegion = English;
			hasScannedForEncodings = 0;
			knownRegions = (
				en,
				Base,
			);
			mainGroup = F41D8BBE1CFB465C00458A3F;
			productRefGroup = F41D8BC81CFB465C00458A3F /* Products */;
			projectDirPath = "";
			projectRoot = "";
			targets = (
				F41D8BC61CFB465C00458A3F /* LewisWorkout */,
				F41D8BDD1CFB465D00458A3F /* LewisWorkoutTests */,
				F41D8BE81CFB465D00458A3F /* LewisWorkoutUITests */,
			);
		};
/* End PBXProject section */

/* Begin PBXResourcesBuildPhase section */
		F41D8BC51CFB465C00458A3F /* Resources */ = {
			isa = PBXResourcesBuildPhase;
			buildActionMask = 2147483647;
			files = (
				F41D8BD81CFB465D00458A3F /* LaunchScreen.storyboard in Resources */,
				F41D8BD51CFB465D00458A3F /* Assets.xcassets in Resources */,
				F454379F1D35726E00BF4777 /* Stages.xcassets in Resources */,
				F41D8BD01CFB465D00458A3F /* Main.storyboard in Resources */,
				55CFC6461D773A2200453DA1 /* ArtWork.xcassets in Resources */,
				55ABDA691D35200200DE03CA /* Suits.xcassets in Resources */,
			);
			runOnlyForDeploymentPostprocessing = 0;
		};
		F41D8BDC1CFB465D00458A3F /* Resources */ = {
			isa = PBXResourcesBuildPhase;
			buildActionMask = 2147483647;
			files = (
			);
			runOnlyForDeploymentPostprocessing = 0;
		};
		F41D8BE71CFB465D00458A3F /* Resources */ = {
			isa = PBXResourcesBuildPhase;
			buildActionMask = 2147483647;
			files = (
			);
			runOnlyForDeploymentPostprocessing = 0;
		};
/* End PBXResourcesBuildPhase section */

/* Begin PBXSourcesBuildPhase section */
		F41D8BC31CFB465C00458A3F /* Sources */ = {
			isa = PBXSourcesBuildPhase;
			buildActionMask = 2147483647;
			files = (
				F4FC304D1D05F4EB0048ADE7 /* LWDeck.swift in Sources */,
				F4F1E8AB1D1EC8C60034539D /* LWDetectionProtocol.swift in Sources */,
				F4ABCDF61D32A77700F52D8C /* LWStartViewController.swift in Sources */,
				F4A5AF511D18FDEA00CA5ED4 /* GeormetricConstants.swift in Sources */,
				F45437F81D41924700BF4777 /* LWSliderLayer.swift in Sources */,
				F45437F91D41924700BF4777 /* LWAnimatedSlider.swift in Sources */,
				F4FC304B1D05F3360048ADE7 /* LWCard.swift in Sources */,
				F45437FA1D41924700BF4777 /* LWSlidePadLayer.swift in Sources */,
				F45437AF1D3FFAC600BF4777 /* LWGameView.swift in Sources */,
				F4F9E6D01D15FE2D000BFCB0 /* LWCardFrontView.swift in Sources */,
				F4A5AF4F1D18F4A400CA5ED4 /* LWDeckPlaceholderView.swift in Sources */,
				F45437A71D3D3F3700BF4777 /* TapPresentAnimationController.swift in Sources */,
				F45437A11D36956F00BF4777 /* LWStartAnimations.swift in Sources */,
				F41D8C461CFF825100458A3F /* LWAVDetectorController.swift in Sources */,
				F45437A51D36FE0D00BF4777 /* LWDetectionCenter.swift in Sources */,
				F4F1E8AD1D1ECF950034539D /* LWDetectionStructures.swift in Sources */,
				F41D8C041CFD712C00458A3F /* LWCardViewController.swift in Sources */,
				F42E7B1B1D2E114F005247B8 /* SwiftQueue.swift in Sources */,
				F4F1E8B51D2445240034539D /* LWClassicalCardShapes.swift in Sources */,
				F45437FD1D41D23100BF4777 /* LWCalibrateControlViewController.swift in Sources */,
				F4ABCDF81D32A7C700F52D8C /* LWStartView.swift in Sources */,
				F430388D1D6B9FFD00F61E0F /* LWDeckViewContainerController.swift in Sources */,
				F42E7B191D2D8DC0005247B8 /* LWClassicalCardLayout.swift in Sources */,
				F41D8C021CFB4F8600458A3F /* LWGameViewController.swift in Sources */,
				F4F9E6CE1D15FE1E000BFCB0 /* LWCardBackView.swift in Sources */,
				55ABDA9F1D35D69B00DE03CA /* LWStartTableViewController.swift in Sources */,
				F45437AB1D3DA20900BF4777 /* LWGamePresentationController.swift in Sources */,
				F45437A91D3D4BA400BF4777 /* LWTestAnimateViewController.swift in Sources */,
				F41D8BCB1CFB465C00458A3F /* AppDelegate.swift in Sources */,
			);
			runOnlyForDeploymentPostprocessing = 0;
		};
		F41D8BDA1CFB465D00458A3F /* Sources */ = {
			isa = PBXSourcesBuildPhase;
			buildActionMask = 2147483647;
			files = (
				F41D8BE31CFB465D00458A3F /* LewisWorkoutTests.swift in Sources */,
			);
			runOnlyForDeploymentPostprocessing = 0;
		};
		F41D8BE51CFB465D00458A3F /* Sources */ = {
			isa = PBXSourcesBuildPhase;
			buildActionMask = 2147483647;
			files = (
				F41D8BEE1CFB465D00458A3F /* LewisWorkoutUITests.swift in Sources */,
			);
			runOnlyForDeploymentPostprocessing = 0;
		};
/* End PBXSourcesBuildPhase section */

/* Begin PBXTargetDependency section */
		F41D8BE01CFB465D00458A3F /* PBXTargetDependency */ = {
			isa = PBXTargetDependency;
			target = F41D8BC61CFB465C00458A3F /* LewisWorkout */;
			targetProxy = F41D8BDF1CFB465D00458A3F /* PBXContainerItemProxy */;
		};
		F41D8BEB1CFB465D00458A3F /* PBXTargetDependency */ = {
			isa = PBXTargetDependency;
			target = F41D8BC61CFB465C00458A3F /* LewisWorkout */;
			targetProxy = F41D8BEA1CFB465D00458A3F /* PBXContainerItemProxy */;
		};
/* End PBXTargetDependency section */

/* Begin PBXVariantGroup section */
		F41D8BCE1CFB465D00458A3F /* Main.storyboard */ = {
			isa = PBXVariantGroup;
			children = (
				F41D8BCF1CFB465D00458A3F /* Base */,
			);
			name = Main.storyboard;
			sourceTree = "<group>";
		};
		F41D8BD61CFB465D00458A3F /* LaunchScreen.storyboard */ = {
			isa = PBXVariantGroup;
			children = (
				F41D8BD71CFB465D00458A3F /* Base */,
			);
			name = LaunchScreen.storyboard;
			sourceTree = "<group>";
		};
/* End PBXVariantGroup section */

/* Begin XCBuildConfiguration section */
		F41D8BF01CFB465D00458A3F /* Debug */ = {
			isa = XCBuildConfiguration;
			buildSettings = {
				ALWAYS_SEARCH_USER_PATHS = NO;
				CLANG_CXX_LANGUAGE_STANDARD = "gnu++0x";
				CLANG_CXX_LIBRARY = "libc++";
				CLANG_ENABLE_MODULES = YES;
				CLANG_ENABLE_OBJC_ARC = YES;
				CLANG_WARN_BOOL_CONVERSION = YES;
				CLANG_WARN_CONSTANT_CONVERSION = YES;
				CLANG_WARN_DIRECT_OBJC_ISA_USAGE = YES_ERROR;
				CLANG_WARN_EMPTY_BODY = YES;
				CLANG_WARN_ENUM_CONVERSION = YES;
				CLANG_WARN_INT_CONVERSION = YES;
				CLANG_WARN_OBJC_ROOT_CLASS = YES_ERROR;
				CLANG_WARN_UNREACHABLE_CODE = YES;
				CLANG_WARN__DUPLICATE_METHOD_MATCH = YES;
				"CODE_SIGN_IDENTITY[sdk=iphoneos*]" = "iPhone Developer";
				COPY_PHASE_STRIP = NO;
				DEBUG_INFORMATION_FORMAT = dwarf;
				ENABLE_STRICT_OBJC_MSGSEND = YES;
				ENABLE_TESTABILITY = YES;
				GCC_C_LANGUAGE_STANDARD = gnu99;
				GCC_DYNAMIC_NO_PIC = NO;
				GCC_NO_COMMON_BLOCKS = YES;
				GCC_OPTIMIZATION_LEVEL = 0;
				GCC_PREPROCESSOR_DEFINITIONS = (
					"DEBUG=1",
					"$(inherited)",
				);
				GCC_WARN_64_TO_32_BIT_CONVERSION = YES;
				GCC_WARN_ABOUT_RETURN_TYPE = YES_ERROR;
				GCC_WARN_UNDECLARED_SELECTOR = YES;
				GCC_WARN_UNINITIALIZED_AUTOS = YES_AGGRESSIVE;
				GCC_WARN_UNUSED_FUNCTION = YES;
				GCC_WARN_UNUSED_VARIABLE = YES;
				IPHONEOS_DEPLOYMENT_TARGET = 9.2;
				MTL_ENABLE_DEBUG_INFO = YES;
				ONLY_ACTIVE_ARCH = YES;
				SDKROOT = iphoneos;
				SWIFT_OPTIMIZATION_LEVEL = "-Onone";
			};
			name = Debug;
		};
		F41D8BF11CFB465D00458A3F /* Release */ = {
			isa = XCBuildConfiguration;
			buildSettings = {
				ALWAYS_SEARCH_USER_PATHS = NO;
				CLANG_CXX_LANGUAGE_STANDARD = "gnu++0x";
				CLANG_CXX_LIBRARY = "libc++";
				CLANG_ENABLE_MODULES = YES;
				CLANG_ENABLE_OBJC_ARC = YES;
				CLANG_WARN_BOOL_CONVERSION = YES;
				CLANG_WARN_CONSTANT_CONVERSION = YES;
				CLANG_WARN_DIRECT_OBJC_ISA_USAGE = YES_ERROR;
				CLANG_WARN_EMPTY_BODY = YES;
				CLANG_WARN_ENUM_CONVERSION = YES;
				CLANG_WARN_INT_CONVERSION = YES;
				CLANG_WARN_OBJC_ROOT_CLASS = YES_ERROR;
				CLANG_WARN_UNREACHABLE_CODE = YES;
				CLANG_WARN__DUPLICATE_METHOD_MATCH = YES;
				"CODE_SIGN_IDENTITY[sdk=iphoneos*]" = "iPhone Developer";
				COPY_PHASE_STRIP = NO;
				DEBUG_INFORMATION_FORMAT = "dwarf-with-dsym";
				ENABLE_NS_ASSERTIONS = NO;
				ENABLE_STRICT_OBJC_MSGSEND = YES;
				GCC_C_LANGUAGE_STANDARD = gnu99;
				GCC_NO_COMMON_BLOCKS = YES;
				GCC_WARN_64_TO_32_BIT_CONVERSION = YES;
				GCC_WARN_ABOUT_RETURN_TYPE = YES_ERROR;
				GCC_WARN_UNDECLARED_SELECTOR = YES;
				GCC_WARN_UNINITIALIZED_AUTOS = YES_AGGRESSIVE;
				GCC_WARN_UNUSED_FUNCTION = YES;
				GCC_WARN_UNUSED_VARIABLE = YES;
				IPHONEOS_DEPLOYMENT_TARGET = 9.2;
				MTL_ENABLE_DEBUG_INFO = NO;
				SDKROOT = iphoneos;
				VALIDATE_PRODUCT = YES;
			};
			name = Release;
		};
		F41D8BF31CFB465D00458A3F /* Debug */ = {
			isa = XCBuildConfiguration;
			buildSettings = {
				ASSETCATALOG_COMPILER_APPICON_NAME = AppIcon;
				CODE_SIGN_IDENTITY = "iPhone Developer";
				"CODE_SIGN_IDENTITY[sdk=iphoneos*]" = "iPhone Developer";
				INFOPLIST_FILE = LewisWorkout/Info.plist;
				LD_RUNPATH_SEARCH_PATHS = "$(inherited) @executable_path/Frameworks";
				PRODUCT_BUNDLE_IDENTIFIER = Package.LewisWorkout;
				PRODUCT_NAME = "$(TARGET_NAME)";
				PROVISIONING_PROFILE = "";
			};
			name = Debug;
		};
		F41D8BF41CFB465D00458A3F /* Release */ = {
			isa = XCBuildConfiguration;
			buildSettings = {
				ASSETCATALOG_COMPILER_APPICON_NAME = AppIcon;
				CODE_SIGN_IDENTITY = "iPhone Developer";
				"CODE_SIGN_IDENTITY[sdk=iphoneos*]" = "iPhone Developer";
				INFOPLIST_FILE = LewisWorkout/Info.plist;
				LD_RUNPATH_SEARCH_PATHS = "$(inherited) @executable_path/Frameworks";
				PRODUCT_BUNDLE_IDENTIFIER = Package.LewisWorkout;
				PRODUCT_NAME = "$(TARGET_NAME)";
				PROVISIONING_PROFILE = "";
			};
			name = Release;
		};
		F41D8BF61CFB465D00458A3F /* Debug */ = {
			isa = XCBuildConfiguration;
			buildSettings = {
				BUNDLE_LOADER = "$(TEST_HOST)";
				INFOPLIST_FILE = LewisWorkoutTests/Info.plist;
				LD_RUNPATH_SEARCH_PATHS = "$(inherited) @executable_path/Frameworks @loader_path/Frameworks";
				PRODUCT_BUNDLE_IDENTIFIER = Package.LewisWorkoutTests;
				PRODUCT_NAME = "$(TARGET_NAME)";
				TEST_HOST = "$(BUILT_PRODUCTS_DIR)/LewisWorkout.app/LewisWorkout";
			};
			name = Debug;
		};
		F41D8BF71CFB465D00458A3F /* Release */ = {
			isa = XCBuildConfiguration;
			buildSettings = {
				BUNDLE_LOADER = "$(TEST_HOST)";
				INFOPLIST_FILE = LewisWorkoutTests/Info.plist;
				LD_RUNPATH_SEARCH_PATHS = "$(inherited) @executable_path/Frameworks @loader_path/Frameworks";
				PRODUCT_BUNDLE_IDENTIFIER = Package.LewisWorkoutTests;
				PRODUCT_NAME = "$(TARGET_NAME)";
				TEST_HOST = "$(BUILT_PRODUCTS_DIR)/LewisWorkout.app/LewisWorkout";
			};
			name = Release;
		};
		F41D8BF91CFB465D00458A3F /* Debug */ = {
			isa = XCBuildConfiguration;
			buildSettings = {
				INFOPLIST_FILE = LewisWorkoutUITests/Info.plist;
				LD_RUNPATH_SEARCH_PATHS = "$(inherited) @executable_path/Frameworks @loader_path/Frameworks";
				PRODUCT_BUNDLE_IDENTIFIER = Package.LewisWorkoutUITests;
				PRODUCT_NAME = "$(TARGET_NAME)";
				TEST_TARGET_NAME = LewisWorkout;
				USES_XCTRUNNER = YES;
			};
			name = Debug;
		};
		F41D8BFA1CFB465D00458A3F /* Release */ = {
			isa = XCBuildConfiguration;
			buildSettings = {
				INFOPLIST_FILE = LewisWorkoutUITests/Info.plist;
				LD_RUNPATH_SEARCH_PATHS = "$(inherited) @executable_path/Frameworks @loader_path/Frameworks";
				PRODUCT_BUNDLE_IDENTIFIER = Package.LewisWorkoutUITests;
				PRODUCT_NAME = "$(TARGET_NAME)";
				TEST_TARGET_NAME = LewisWorkout;
				USES_XCTRUNNER = YES;
			};
			name = Release;
		};
/* End XCBuildConfiguration section */

/* Begin XCConfigurationList section */
		F41D8BC21CFB465C00458A3F /* Build configuration list for PBXProject "LewisWorkout" */ = {
			isa = XCConfigurationList;
			buildConfigurations = (
				F41D8BF01CFB465D00458A3F /* Debug */,
				F41D8BF11CFB465D00458A3F /* Release */,
			);
			defaultConfigurationIsVisible = 0;
			defaultConfigurationName = Release;
		};
		F41D8BF21CFB465D00458A3F /* Build configuration list for PBXNativeTarget "LewisWorkout" */ = {
			isa = XCConfigurationList;
			buildConfigurations = (
				F41D8BF31CFB465D00458A3F /* Debug */,
				F41D8BF41CFB465D00458A3F /* Release */,
			);
			defaultConfigurationIsVisible = 0;
			defaultConfigurationName = Release;
		};
		F41D8BF51CFB465D00458A3F /* Build configuration list for PBXNativeTarget "LewisWorkoutTests" */ = {
			isa = XCConfigurationList;
			buildConfigurations = (
				F41D8BF61CFB465D00458A3F /* Debug */,
				F41D8BF71CFB465D00458A3F /* Release */,
			);
			defaultConfigurationIsVisible = 0;
			defaultConfigurationName = Release;
		};
		F41D8BF81CFB465D00458A3F /* Build configuration list for PBXNativeTarget "LewisWorkoutUITests" */ = {
			isa = XCConfigurationList;
			buildConfigurations = (
				F41D8BF91CFB465D00458A3F /* Debug */,
				F41D8BFA1CFB465D00458A3F /* Release */,
			);
			defaultConfigurationIsVisible = 0;
			defaultConfigurationName = Release;
		};
/* End XCConfigurationList section */
	};
	rootObject = F41D8BBF1CFB465C00458A3F /* Project object */;
}
